
Microsoft Visual Studio Solution File, Format Version 12.00
# Visual Studio 14
VisualStudioVersion = 14.0.25123.0
MinimumVisualStudioVersion = 10.0.40219.1
Project("{FAE04EC0-301F-11D3-BF4B-00C04F79EFBC}") = "Distinctness", "Distinctness\Distinctness.csproj", "{97AAB036-14EC-4AB3-BFFC-923993488A0E}"
EndProject
Project("{FAE04EC0-301F-11D3-BF4B-00C04F79EFBC}") = "Distinctness.Tests", "Distinctness.Tests\Distinctness.Tests.csproj", "{7CC9C77D-9F0E-4D9C-8552-58A66AD0E270}"
EndProject
Global
	GlobalSection(SolutionConfigurationPlatforms) = preSolution
		Debug|Any CPU = Debug|Any CPU
		Release|Any CPU = Release|Any CPU
	EndGlobalSection
	GlobalSection(ProjectConfigurationPlatforms) = postSolution
		{97AAB036-14EC-4AB3-BFFC-923993488A0E}.Debug|Any CPU.ActiveCfg = Debug|Any CPU
		{97AAB036-14EC-4AB3-BFFC-923993488A0E}.Debug|Any CPU.Build.0 = Debug|Any CPU
		{97AAB036-14EC-4AB3-BFFC-923993488A0E}.Release|Any CPU.ActiveCfg = Release|Any CPU
		{97AAB036-14EC-4AB3-BFFC-923993488A0E}.Release|Any CPU.Build.0 = Release|Any CPU
		{7CC9C77D-9F0E-4D9C-8552-58A66AD0E270}.Debug|Any CPU.ActiveCfg = Debug|Any CPU
		{7CC9C77D-9F0E-4D9C-8552-58A66AD0E270}.Debug|Any CPU.Build.0 = Debug|Any CPU
		{7CC9C77D-9F0E-4D9C-8552-58A66AD0E270}.Release|Any CPU.ActiveCfg = Release|Any CPU
		{7CC9C77D-9F0E-4D9C-8552-58A66AD0E270}.Release|Any CPU.Build.0 = Release|Any CPU
	EndGlobalSection
	GlobalSection(SolutionProperties) = preSolution
		HideSolutionNode = FALSE
	EndGlobalSection
EndGlobal
